{
  "nodes": {
    "home-manager": {
      "inputs": {
        "nixpkgs": [
          "nixpkgs"
        ]
      },
      "locked": {
        "lastModified": 1779726696,
        "narHash": "sha256-/p37CB5n6Wpw250b0Lq0CYwNq2D8uGKzDoBulyLcQqA=",
        "owner": "nix-community",
        "repo": "home-manager",
        "rev": "1a95e2efb477959b70b4a14c51035975c0481df6",
        "type": "github"
      },
      "original": {
        "owner": "nix-community",
        "repo": "home-manager",
        "type": "github"
      }
    },
    "kapsule": {
      "inputs": {
        "nixpkgs": "nixpkgs"
      },
      "locked": {
        "lastModified": 1779547843,
        "narHash": "sha256-Z4sB4wt9I9TdvGYCMrhRB5JcMF8eUoccxC+EPCFBNZ4=",
        "owner": "cshah25",
        "repo": "kapsule",
        "rev": "6ba9006cdbcfb138b50b2995a831c4551076a011",
        "type": "github"
      },
      "original": {
        "owner": "cshah25",
        "repo": "kapsule",
        "type": "github"
      }
    },
    "nix-flatpak": {
      "locked": {
        "lastModified": 1777402031,
        "narHash": "sha256-6gkfl9y3+ti0Z6dgby8/R4/DRT8sWU0I0TLCIxwWtjk=",
        "owner": "gmodena",
        "repo": "nix-flatpak",
        "rev": "22a3adbe7c5c8c8a10a635d32c9ef7fc01a6e4b8",
        "type": "github"
      },
      "original": {
        "owner": "gmodena",
        "repo": "nix-flatpak",
        "type": "github"
      }
    },
    "nixos-hardware": {
      "locked": {
        "lastModified": 1779826373,
        "narHash": "sha256-3sRzgLX86qV5NlhWUAufLmHwkyP03tmL3VdZIM13dEo=",
        "owner": "NixOS",
        "repo": "nixos-hardware",
        "rev": "ef4efb84766a166c906bd55759574676bf91267c",
        "type": "github"
      },
      "original": {
        "owner": "NixOS",
        "ref": "master",
        "repo": "nixos-hardware",
        "type": "github"
      }
    },
    "nixpkgs": {
      "locked": {
        "lastModified": 1779357205,
        "narHash": "sha256-cCO8aTqss5x9Ky8GWkpY0Hy5fyTZEbtifSUV8QjSzic=",
        "owner": "NixOS",
        "repo": "nixpkgs",
        "rev": "f83fc3c307e74bc5fd5adb7eb6b8b13ffd2a36e1",
        "type": "github"
      },
      "original": {
        "owner": "NixOS",
        "ref": "nixos-unstable",
        "repo": "nixpkgs",
        "type": "github"
      }
    },
    "nixpkgs-stable": {
      "locked": {
        "lastModified": 1779467186,
        "narHash": "sha256-nOesoDCiXcUftqbRBMz9tt4blI5PvljMWbm3kuCA+0s=",
        "owner": "nixos",
        "repo": "nixpkgs",
        "rev": "b77b3de8775677f84492abe84635f87b0e153f0f",
        "type": "github"
      },
      "original": {
        "owner": "nixos",
        "ref": "nixos-25.11",
        "repo": "nixpkgs",
        "type": "github"
      }
    },
    "nixpkgs_2": {
      "locked": {
        "lastModified": 1779560665,
        "narHash": "sha256-tpyBcxPpcQb8ukyNF7DoCwfSY3VPsxHoYwj00Cayv5o=",
        "owner": "nixos",
        "repo": "nixpkgs",
        "rev": "64c08a7ca051951c8eae34e3e3cb1e202fe36786",
        "type": "github"
      },
      "original": {
        "owner": "nixos",
        "ref": "nixos-unstable",
        "repo": "nixpkgs",
        "type": "github"
      }
    },
    "root": {
      "inputs": {
        "home-manager": "home-manager",
        "kapsule": "kapsule",
        "nix-flatpak": "nix-flatpak",
        "nixos-hardware": "nixos-hardware",
        "nixpkgs": "nixpkgs_2",
        "nixpkgs-stable": "nixpkgs-stable",
        "zen-browser": "zen-browser"
      }
    },
    "zen-browser": {
      "inputs": {
        "nixpkgs": [
          "nixpkgs"
        ]
      },
      "locked": {
        "lastModified": 1779946062,
        "narHash": "sha256-M/2bCPYjiBTkDNV29J/00z10RM3yYnL9X74RqAHDme0=",
        "owner": "youwen5",
        "repo": "zen-browser-flake",
        "rev": "2e2c38ba20a3d614d0196e0aa44851547306e861",
        "type": "github"
      },
      "original": {
        "owner": "youwen5",
        "repo": "zen-browser-flake",
        "type": "github"
      }
    }
  },
  "root": "root",
  "version": 7
}
